{
  "lockfile_version": "1",
  "packages": {
    "nodejs@18": {
      "last_modified": "2024-01-14T03:55:27Z",
      "plugin_version": "0.0.2",
      "resolved": "github:NixOS/nixpkgs/dd5621df6dcb90122b50da5ec31c411a0de3e538#nodejs_18",
      "source": "devbox-search",
      "version": "18.19.0",
      "systems": {
        "aarch64-darwin": {
          "store_path": "/nix/store/jvp3jsc9dwn64ycnjalw959811lj7x3g-nodejs-18.19.0"
        },
        "aarch64-linux": {
          "store_path": "/nix/store/qlpzl41kfq83cdd4qkcpw8dy2zsd6acr-nodejs-18.19.0"
        },
        "x86_64-darwin": {
          "store_path": "/nix/store/arx8by5hks81q82m161lmrbf9mdb09fw-nodejs-18.19.0"
        },
        "x86_64-linux": {
          "store_path": "/nix/store/6fy84r0hj7vdqzdzjn9gva18fzdl510z-nodejs-18.19.0"
        }
      }
    },
    "poetry": {
      "plugin_version": "0.0.4",
      "resolved": "github:NixOS/nixpkgs/75a52265bda7fd25e06e3a67dee3f0354e73243c#poetry",
      "source": "nixpkg"
    },
    "python@3.12": {
      "last_modified": "2024-01-14T03:55:27Z",
      "plugin_version": "0.0.3",
      "resolved": "github:NixOS/nixpkgs/dd5621df6dcb90122b50da5ec31c411a0de3e538#python312",
      "source": "devbox-search",
      "version": "3.12.1",
      "systems": {
        "aarch64-darwin": {
          "store_path": "/nix/store/pikp0zcfmr1xxws10j293zhh67y1gha2-python3-3.12.1"
        },
        "aarch64-linux": {
          "store_path": "/nix/store/0lc7w5bz37ajlw59sf14ndms5wmvnc1j-python3-3.12.1"
        },
        "x86_64-darwin": {
          "store_path": "/nix/store/vbbg55b1zms8ylj0zwq8pdc70dpv7sp7-python3-3.12.1"
        },
        "x86_64-linux": {
          "store_path": "/nix/store/r2pbmhh7l7g6f3avk8vg8d33frl4c2sx-python3-3.12.1"
        }
      }
    }
  }
}
